// !$*UTF8*$!
{
	archiveVersion = 1;
	classes = {
	};
	objectVersion = 56;
	objects = {

/* Begin PBXBuildFile section */
		945329792BEC130D0064E2E8 /* BookRecommendationsApp.swift in Sources */ = {isa = PBXBuildFile; fileRef = 945329782BEC130D0064E2E8 /* BookRecommendationsApp.swift */; };
		9453297B2BEC130D0064E2E8 /* ContentView.swift in Sources */ = {isa = PBXBuildFile; fileRef = 9453297A2BEC130D0064E2E8 /* ContentView.swift */; };
		9453297D2BEC130D0064E2E8 /* Assets.xcassets in Resources */ = {isa = PBXBuildFile; fileRef = 9453297C2BEC130D0064E2E8 /* Assets.xcassets */; };
		945329802BEC130D0064E2E8 /* Preview Assets.xcassets in Resources */ = {isa = PBXBuildFile; fileRef = 9453297F2BEC130D0064E2E8 /* Preview Assets.xcassets */; };
		9453298A2BEC130D0064E2E8 /* BookRecommendationsTests.swift in Sources */ = {isa = PBXBuildFile; fileRef = 945329892BEC130D0064E2E8 /* BookRecommendationsTests.swift */; };
		945329942BEC130D0064E2E8 /* BookRecommendationsUITests.swift in Sources */ = {isa = PBXBuildFile; fileRef = 945329932BEC130D0064E2E8 /* BookRecommendationsUITests.swift */; };
		945329962BEC130D0064E2E8 /* BookRecommendationsUITestsLaunchTests.swift in Sources */ = {isa = PBXBuildFile; fileRef = 945329952BEC130D0064E2E8 /* BookRecommendationsUITestsLaunchTests.swift */; };
		94532A1E2BEC1B3B0064E2E8 /* WidgetKit.framework in Frameworks */ = {isa = PBXBuildFile; fileRef = 94532A1D2BEC1B3B0064E2E8 /* WidgetKit.framework */; };
		94532A202BEC1B3B0064E2E8 /* SwiftUI.framework in Frameworks */ = {isa = PBXBuildFile; fileRef = 94532A1F2BEC1B3B0064E2E8 /* SwiftUI.framework */; };
		94532A232BEC1B3B0064E2E8 /* BookReccomendationsWidgetBundle.swift in Sources */ = {isa = PBXBuildFile; fileRef = 94532A222BEC1B3B0064E2E8 /* BookReccomendationsWidgetBundle.swift */; };
		94532A252BEC1B3B0064E2E8 /* BookReccomendationsWidget.swift in Sources */ = {isa = PBXBuildFile; fileRef = 94532A242BEC1B3B0064E2E8 /* BookReccomendationsWidget.swift */; };
		94532A272BEC1B3C0064E2E8 /* Assets.xcassets in Resources */ = {isa = PBXBuildFile; fileRef = 94532A262BEC1B3C0064E2E8 /* Assets.xcassets */; };
		94532A2B2BEC1B3C0064E2E8 /* BookReccomendationsWidgetExtension.appex in Embed Foundation Extensions */ = {isa = PBXBuildFile; fileRef = 94532A1B2BEC1B3B0064E2E8 /* BookReccomendationsWidgetExtension.appex */; settings = {ATTRIBUTES = (RemoveHeadersOnCopy, ); }; };
		94532A3E2BEC65220064E2E8 /* BookInformationNetworkService.swift in Sources */ = {isa = PBXBuildFile; fileRef = 94532A3C2BEC65220064E2E8 /* BookInformationNetworkService.swift */; };
		94532A402BEEF3000064E2E8 /* SessionManager.swift in Sources */ = {isa = PBXBuildFile; fileRef = 94532A3F2BEEF3000064E2E8 /* SessionManager.swift */; };
		94532A452BEEF58C0064E2E8 /* BookInformationResponse.swift in Sources */ = {isa = PBXBuildFile; fileRef = 94532A442BEEF58C0064E2E8 /* BookInformationResponse.swift */; };
		94532A472BEEF9F80064E2E8 /* ServiceComponent.swift in Sources */ = {isa = PBXBuildFile; fileRef = 94532A462BEEF9F80064E2E8 /* ServiceComponent.swift */; };
		94532A492BEEFBDB0064E2E8 /* BookInformationComponent.swift in Sources */ = {isa = PBXBuildFile; fileRef = 94532A482BEEFBDB0064E2E8 /* BookInformationComponent.swift */; };
/* End PBXBuildFile section */

/* Begin PBXContainerItemProxy section */
		945329862BEC130D0064E2E8 /* PBXContainerItemProxy */ = {
			isa = PBXContainerItemProxy;
			containerPortal = 9453296D2BEC130D0064E2E8 /* Project object */;
			proxyType = 1;
			remoteGlobalIDString = 945329742BEC130D0064E2E8;
			remoteInfo = BookRecommendations;
		};
		945329902BEC130D0064E2E8 /* PBXContainerItemProxy */ = {
			isa = PBXContainerItemProxy;
			containerPortal = 9453296D2BEC130D0064E2E8 /* Project object */;
			proxyType = 1;
			remoteGlobalIDString = 945329742BEC130D0064E2E8;
			remoteInfo = BookRecommendations;
		};
		94532A292BEC1B3C0064E2E8 /* PBXContainerItemProxy */ = {
			isa = PBXContainerItemProxy;
			containerPortal = 9453296D2BEC130D0064E2E8 /* Project object */;
			proxyType = 1;
			remoteGlobalIDString = 94532A1A2BEC1B3B0064E2E8;
			remoteInfo = BookReccomendationsWidgetExtension;
		};
/* End PBXContainerItemProxy section */

/* Begin PBXCopyFilesBuildPhase section */
		94532A2C2BEC1B3C0064E2E8 /* Embed Foundation Extensions */ = {
			isa = PBXCopyFilesBuildPhase;
			buildActionMask = 2147483647;
			dstPath = "";
			dstSubfolderSpec = 13;
			files = (
				94532A2B2BEC1B3C0064E2E8 /* BookReccomendationsWidgetExtension.appex in Embed Foundation Extensions */,
			);
			name = "Embed Foundation Extensions";
			runOnlyForDeploymentPostprocessing = 0;
		};
/* End PBXCopyFilesBuildPhase section */

/* Begin PBXFileReference section */
		945329752BEC130D0064E2E8 /* BookRecommendations.app */ = {isa = PBXFileReference; explicitFileType = wrapper.application; includeInIndex = 0; path = BookRecommendations.app; sourceTree = BUILT_PRODUCTS_DIR; };
		945329782BEC130D0064E2E8 /* BookRecommendationsApp.swift */ = {isa = PBXFileReference; lastKnownFileType = sourcecode.swift; path = BookRecommendationsApp.swift; sourceTree = "<group>"; };
		9453297A2BEC130D0064E2E8 /* ContentView.swift */ = {isa = PBXFileReference; lastKnownFileType = sourcecode.swift; path = ContentView.swift; sourceTree = "<group>"; };
		9453297C2BEC130D0064E2E8 /* Assets.xcassets */ = {isa = PBXFileReference; lastKnownFileType = folder.assetcatalog; path = Assets.xcassets; sourceTree = "<group>"; };
		9453297F2BEC130D0064E2E8 /* Preview Assets.xcassets */ = {isa = PBXFileReference; lastKnownFileType = folder.assetcatalog; path = "Preview Assets.xcassets"; sourceTree = "<group>"; };
		945329852BEC130D0064E2E8 /* BookRecommendationsTests.xctest */ = {isa = PBXFileReference; explicitFileType = wrapper.cfbundle; includeInIndex = 0; path = BookRecommendationsTests.xctest; sourceTree = BUILT_PRODUCTS_DIR; };
		945329892BEC130D0064E2E8 /* BookRecommendationsTests.swift */ = {isa = PBXFileReference; lastKnownFileType = sourcecode.swift; path = BookRecommendationsTests.swift; sourceTree = "<group>"; };
		9453298F2BEC130D0064E2E8 /* BookRecommendationsUITests.xctest */ = {isa = PBXFileReference; explicitFileType = wrapper.cfbundle; includeInIndex = 0; path = BookRecommendationsUITests.xctest; sourceTree = BUILT_PRODUCTS_DIR; };
		945329932BEC130D0064E2E8 /* BookRecommendationsUITests.swift */ = {isa = PBXFileReference; lastKnownFileType = sourcecode.swift; path = BookRecommendationsUITests.swift; sourceTree = "<group>"; };
		945329952BEC130D0064E2E8 /* BookRecommendationsUITestsLaunchTests.swift */ = {isa = PBXFileReference; lastKnownFileType = sourcecode.swift; path = BookRecommendationsUITestsLaunchTests.swift; sourceTree = "<group>"; };
		94532A1B2BEC1B3B0064E2E8 /* BookReccomendationsWidgetExtension.appex */ = {isa = PBXFileReference; explicitFileType = "wrapper.app-extension"; includeInIndex = 0; path = BookReccomendationsWidgetExtension.appex; sourceTree = BUILT_PRODUCTS_DIR; };
		94532A1D2BEC1B3B0064E2E8 /* WidgetKit.framework */ = {isa = PBXFileReference; lastKnownFileType = wrapper.framework; name = WidgetKit.framework; path = System/Library/Frameworks/WidgetKit.framework; sourceTree = SDKROOT; };
		94532A1F2BEC1B3B0064E2E8 /* SwiftUI.framework */ = {isa = PBXFileReference; lastKnownFileType = wrapper.framework; name = SwiftUI.framework; path = System/Library/Frameworks/SwiftUI.framework; sourceTree = SDKROOT; };
		94532A222BEC1B3B0064E2E8 /* BookReccomendationsWidgetBundle.swift */ = {isa = PBXFileReference; lastKnownFileType = sourcecode.swift; path = BookReccomendationsWidgetBundle.swift; sourceTree = "<group>"; };
		94532A242BEC1B3B0064E2E8 /* BookReccomendationsWidget.swift */ = {isa = PBXFileReference; lastKnownFileType = sourcecode.swift; path = BookReccomendationsWidget.swift; sourceTree = "<group>"; };
		94532A262BEC1B3C0064E2E8 /* Assets.xcassets */ = {isa = PBXFileReference; lastKnownFileType = folder.assetcatalog; path = Assets.xcassets; sourceTree = "<group>"; };
		94532A282BEC1B3C0064E2E8 /* Info.plist */ = {isa = PBXFileReference; lastKnownFileType = text.plist.xml; path = Info.plist; sourceTree = "<group>"; };
		94532A3C2BEC65220064E2E8 /* BookInformationNetworkService.swift */ = {isa = PBXFileReference; fileEncoding = 4; lastKnownFileType = sourcecode.swift; path = BookInformationNetworkService.swift; sourceTree = "<group>"; };
		94532A3F2BEEF3000064E2E8 /* SessionManager.swift */ = {isa = PBXFileReference; lastKnownFileType = sourcecode.swift; path = SessionManager.swift; sourceTree = "<group>"; };
		94532A442BEEF58C0064E2E8 /* BookInformationResponse.swift */ = {isa = PBXFileReference; lastKnownFileType = sourcecode.swift; path = BookInformationResponse.swift; sourceTree = "<group>"; };
		94532A462BEEF9F80064E2E8 /* ServiceComponent.swift */ = {isa = PBXFileReference; lastKnownFileType = sourcecode.swift; path = ServiceComponent.swift; sourceTree = "<group>"; };
		94532A482BEEFBDB0064E2E8 /* BookInformationComponent.swift */ = {isa = PBXFileReference; lastKnownFileType = sourcecode.swift; path = BookInformationComponent.swift; sourceTree = "<group>"; };
/* End PBXFileReference section */

/* Begin PBXFrameworksBuildPhase section */
		945329722BEC130D0064E2E8 /* Frameworks */ = {
			isa = PBXFrameworksBuildPhase;
			buildActionMask = 2147483647;
			files = (
			);
			runOnlyForDeploymentPostprocessing = 0;
		};
		945329822BEC130D0064E2E8 /* Frameworks */ = {
			isa = PBXFrameworksBuildPhase;
			buildActionMask = 2147483647;
			files = (
			);
			runOnlyForDeploymentPostprocessing = 0;
		};
		9453298C2BEC130D0064E2E8 /* Frameworks */ = {
			isa = PBXFrameworksBuildPhase;
			buildActionMask = 2147483647;
			files = (
			);
			runOnlyForDeploymentPostprocessing = 0;
		};
		94532A182BEC1B3B0064E2E8 /* Frameworks */ = {
			isa = PBXFrameworksBuildPhase;
			buildActionMask = 2147483647;
			files = (
				94532A202BEC1B3B0064E2E8 /* SwiftUI.framework in Frameworks */,
				94532A1E2BEC1B3B0064E2E8 /* WidgetKit.framework in Frameworks */,
			);
			runOnlyForDeploymentPostprocessing = 0;
		};
/* End PBXFrameworksBuildPhase section */

/* Begin PBXGroup section */
		9453296C2BEC130D0064E2E8 = {
			isa = PBXGroup;
			children = (
				945329772BEC130D0064E2E8 /* BookRecommendations */,
				945329882BEC130D0064E2E8 /* BookRecommendationsTests */,
				945329922BEC130D0064E2E8 /* BookRecommendationsUITests */,
				94532A212BEC1B3B0064E2E8 /* BookReccomendationsWidget */,
				94532A1C2BEC1B3B0064E2E8 /* Frameworks */,
				945329762BEC130D0064E2E8 /* Products */,
			);
			sourceTree = "<group>";
		};
		945329762BEC130D0064E2E8 /* Products */ = {
			isa = PBXGroup;
			children = (
				945329752BEC130D0064E2E8 /* BookRecommendations.app */,
				945329852BEC130D0064E2E8 /* BookRecommendationsTests.xctest */,
				9453298F2BEC130D0064E2E8 /* BookRecommendationsUITests.xctest */,
				94532A1B2BEC1B3B0064E2E8 /* BookReccomendationsWidgetExtension.appex */,
			);
			name = Products;
			sourceTree = "<group>";
		};
		945329772BEC130D0064E2E8 /* BookRecommendations */ = {
			isa = PBXGroup;
			children = (
				94532A3D2BEC65220064E2E8 /* Network */,
				945329782BEC130D0064E2E8 /* BookRecommendationsApp.swift */,
				9453297A2BEC130D0064E2E8 /* ContentView.swift */,
				9453297C2BEC130D0064E2E8 /* Assets.xcassets */,
				9453297E2BEC130D0064E2E8 /* Preview Content */,
			);
			path = BookRecommendations;
			sourceTree = "<group>";
		};
		9453297E2BEC130D0064E2E8 /* Preview Content */ = {
			isa = PBXGroup;
			children = (
				9453297F2BEC130D0064E2E8 /* Preview Assets.xcassets */,
			);
			path = "Preview Content";
			sourceTree = "<group>";
		};
		945329882BEC130D0064E2E8 /* BookRecommendationsTests */ = {
			isa = PBXGroup;
			children = (
				945329892BEC130D0064E2E8 /* BookRecommendationsTests.swift */,
			);
			path = BookRecommendationsTests;
			sourceTree = "<group>";
		};
		945329922BEC130D0064E2E8 /* BookRecommendationsUITests */ = {
			isa = PBXGroup;
			children = (
				945329932BEC130D0064E2E8 /* BookRecommendationsUITests.swift */,
				945329952BEC130D0064E2E8 /* BookRecommendationsUITestsLaunchTests.swift */,
			);
			path = BookRecommendationsUITests;
			sourceTree = "<group>";
		};
		94532A1C2BEC1B3B0064E2E8 /* Frameworks */ = {
			isa = PBXGroup;
			children = (
				94532A1D2BEC1B3B0064E2E8 /* WidgetKit.framework */,
				94532A1F2BEC1B3B0064E2E8 /* SwiftUI.framework */,
			);
			name = Frameworks;
			sourceTree = "<group>";
		};
		94532A212BEC1B3B0064E2E8 /* BookReccomendationsWidget */ = {
			isa = PBXGroup;
			children = (
				94532A222BEC1B3B0064E2E8 /* BookReccomendationsWidgetBundle.swift */,
				94532A242BEC1B3B0064E2E8 /* BookReccomendationsWidget.swift */,
				94532A262BEC1B3C0064E2E8 /* Assets.xcassets */,
				94532A282BEC1B3C0064E2E8 /* Info.plist */,
			);
			path = BookReccomendationsWidget;
			sourceTree = "<group>";
		};
		94532A3D2BEC65220064E2E8 /* Network */ = {
			isa = PBXGroup;
			children = (
				94532A462BEEF9F80064E2E8 /* ServiceComponent.swift */,
				94532A3F2BEEF3000064E2E8 /* SessionManager.swift */,
				94532A412BEEF4960064E2E8 /* BookInformation */,
			);
			path = Network;
			sourceTree = "<group>";
		};
		94532A412BEEF4960064E2E8 /* BookInformation */ = {
			isa = PBXGroup;
			children = (
				94532A3C2BEC65220064E2E8 /* BookInformationNetworkService.swift */,
				94532A442BEEF58C0064E2E8 /* BookInformationResponse.swift */,
				94532A482BEEFBDB0064E2E8 /* BookInformationComponent.swift */,
			);
			path = BookInformation;
			sourceTree = "<group>";
		};
/* End PBXGroup section */

/* Begin PBXNativeTarget section */
		945329742BEC130D0064E2E8 /* BookRecommendations */ = {
			isa = PBXNativeTarget;
			buildConfigurationList = 945329992BEC130D0064E2E8 /* Build configuration list for PBXNativeTarget "BookRecommendations" */;
			buildPhases = (
				945329712BEC130D0064E2E8 /* Sources */,
				945329722BEC130D0064E2E8 /* Frameworks */,
				945329732BEC130D0064E2E8 /* Resources */,
				94532A2C2BEC1B3C0064E2E8 /* Embed Foundation Extensions */,
			);
			buildRules = (
			);
			dependencies = (
				94532A2A2BEC1B3C0064E2E8 /* PBXTargetDependency */,
			);
			name = BookRecommendations;
			productName = BookRecommendations;
			productReference = 945329752BEC130D0064E2E8 /* BookRecommendations.app */;
			productType = "com.apple.product-type.application";
		};
		945329842BEC130D0064E2E8 /* BookRecommendationsTests */ = {
			isa = PBXNativeTarget;
			buildConfigurationList = 9453299C2BEC130D0064E2E8 /* Build configuration list for PBXNativeTarget "BookRecommendationsTests" */;
			buildPhases = (
				945329812BEC130D0064E2E8 /* Sources */,
				945329822BEC130D0064E2E8 /* Frameworks */,
				945329832BEC130D0064E2E8 /* Resources */,
			);
			buildRules = (
			);
			dependencies = (
				945329872BEC130D0064E2E8 /* PBXTargetDependency */,
			);
			name = BookRecommendationsTests;
			productName = BookRecommendationsTests;
			productReference = 945329852BEC130D0064E2E8 /* BookRecommendationsTests.xctest */;
			productType = "com.apple.product-type.bundle.unit-test";
		};
		9453298E2BEC130D0064E2E8 /* BookRecommendationsUITests */ = {
			isa = PBXNativeTarget;
			buildConfigurationList = 9453299F2BEC130D0064E2E8 /* Build configuration list for PBXNativeTarget "BookRecommendationsUITests" */;
			buildPhases = (
				9453298B2BEC130D0064E2E8 /* Sources */,
				9453298C2BEC130D0064E2E8 /* Frameworks */,
				9453298D2BEC130D0064E2E8 /* Resources */,
			);
			buildRules = (
			);
			dependencies = (
				945329912BEC130D0064E2E8 /* PBXTargetDependency */,
			);
			name = BookRecommendationsUITests;
			productName = BookRecommendationsUITests;
			productReference = 9453298F2BEC130D0064E2E8 /* BookRecommendationsUITests.xctest */;
			productType = "com.apple.product-type.bundle.ui-testing";
		};
		94532A1A2BEC1B3B0064E2E8 /* BookReccomendationsWidgetExtension */ = {
			isa = PBXNativeTarget;
			buildConfigurationList = 94532A2F2BEC1B3C0064E2E8 /* Build configuration list for PBXNativeTarget "BookReccomendationsWidgetExtension" */;
			buildPhases = (
				94532A172BEC1B3B0064E2E8 /* Sources */,
				94532A182BEC1B3B0064E2E8 /* Frameworks */,
				94532A192BEC1B3B0064E2E8 /* Resources */,
			);
			buildRules = (
			);
			dependencies = (
			);
			name = BookReccomendationsWidgetExtension;
			productName = BookReccomendationsWidgetExtension;
			productReference = 94532A1B2BEC1B3B0064E2E8 /* BookReccomendationsWidgetExtension.appex */;
			productType = "com.apple.product-type.app-extension";
		};
/* End PBXNativeTarget section */

/* Begin PBXProject section */
		9453296D2BEC130D0064E2E8 /* Project object */ = {
			isa = PBXProject;
			attributes = {
				BuildIndependentTargetsInParallel = 1;
				LastSwiftUpdateCheck = 1530;
				LastUpgradeCheck = 1530;
				TargetAttributes = {
					945329742BEC130D0064E2E8 = {
						CreatedOnToolsVersion = 15.3;
					};
					945329842BEC130D0064E2E8 = {
						CreatedOnToolsVersion = 15.3;
						TestTargetID = 945329742BEC130D0064E2E8;
					};
					9453298E2BEC130D0064E2E8 = {
						CreatedOnToolsVersion = 15.3;
						TestTargetID = 945329742BEC130D0064E2E8;
					};
					94532A1A2BEC1B3B0064E2E8 = {
						CreatedOnToolsVersion = 15.3;
					};
				};
			};
			buildConfigurationList = 945329702BEC130D0064E2E8 /* Build configuration list for PBXProject "BookRecommendations" */;
			compatibilityVersion = "Xcode 14.0";
			developmentRegion = en;
			hasScannedForEncodings = 0;
			knownRegions = (
				en,
				Base,
			);
			mainGroup = 9453296C2BEC130D0064E2E8;
			productRefGroup = 945329762BEC130D0064E2E8 /* Products */;
			projectDirPath = "";
			projectRoot = "";
			targets = (
				945329742BEC130D0064E2E8 /* BookRecommendations */,
				945329842BEC130D0064E2E8 /* BookRecommendationsTests */,
				9453298E2BEC130D0064E2E8 /* BookRecommendationsUITests */,
				94532A1A2BEC1B3B0064E2E8 /* BookReccomendationsWidgetExtension */,
			);
		};
/* End PBXProject section */

/* Begin PBXResourcesBuildPhase section */
		945329732BEC130D0064E2E8 /* Resources */ = {
			isa = PBXResourcesBuildPhase;
			buildActionMask = 2147483647;
			files = (
				945329802BEC130D0064E2E8 /* Preview Assets.xcassets in Resources */,
				9453297D2BEC130D0064E2E8 /* Assets.xcassets in Resources */,
			);
			runOnlyForDeploymentPostprocessing = 0;
		};
		945329832BEC130D0064E2E8 /* Resources */ = {
			isa = PBXResourcesBuildPhase;
			buildActionMask = 2147483647;
			files = (
			);
			runOnlyForDeploymentPostprocessing = 0;
		};
		9453298D2BEC130D0064E2E8 /* Resources */ = {
			isa = PBXResourcesBuildPhase;
			buildActionMask = 2147483647;
			files = (
			);
			runOnlyForDeploymentPostprocessing = 0;
		};
		94532A192BEC1B3B0064E2E8 /* Resources */ = {
			isa = PBXResourcesBuildPhase;
			buildActionMask = 2147483647;
			files = (
				94532A272BEC1B3C0064E2E8 /* Assets.xcassets in Resources */,
			);
			runOnlyForDeploymentPostprocessing = 0;
		};
/* End PBXResourcesBuildPhase section */

/* Begin PBXSourcesBuildPhase section */
		945329712BEC130D0064E2E8 /* Sources */ = {
			isa = PBXSourcesBuildPhase;
			buildActionMask = 2147483647;
			files = (
				94532A452BEEF58C0064E2E8 /* BookInformationResponse.swift in Sources */,
				94532A492BEEFBDB0064E2E8 /* BookInformationComponent.swift in Sources */,
				9453297B2BEC130D0064E2E8 /* ContentView.swift in Sources */,
				945329792BEC130D0064E2E8 /* BookRecommendationsApp.swift in Sources */,
				94532A472BEEF9F80064E2E8 /* ServiceComponent.swift in Sources */,
				94532A402BEEF3000064E2E8 /* SessionManager.swift in Sources */,
				94532A3E2BEC65220064E2E8 /* BookInformationNetworkService.swift in Sources */,
			);
			runOnlyForDeploymentPostprocessing = 0;
		};
		945329812BEC130D0064E2E8 /* Sources */ = {
			isa = PBXSourcesBuildPhase;
			buildActionMask = 2147483647;
			files = (
				9453298A2BEC130D0064E2E8 /* BookRecommendationsTests.swift in Sources */,
			);
			runOnlyForDeploymentPostprocessing = 0;
		};
		9453298B2BEC130D0064E2E8 /* Sources */ = {
			isa = PBXSourcesBuildPhase;
			buildActionMask = 2147483647;
			files = (
				945329962BEC130D0064E2E8 /* BookRecommendationsUITestsLaunchTests.swift in Sources */,
				945329942BEC130D0064E2E8 /* BookRecommendationsUITests.swift in Sources */,
			);
			runOnlyForDeploymentPostprocessing = 0;
		};
		94532A172BEC1B3B0064E2E8 /* Sources */ = {
			isa = PBXSourcesBuildPhase;
			buildActionMask = 2147483647;
			files = (
				94532A232BEC1B3B0064E2E8 /* BookReccomendationsWidgetBundle.swift in Sources */,
				94532A252BEC1B3B0064E2E8 /* BookReccomendationsWidget.swift in Sources */,
			);
			runOnlyForDeploymentPostprocessing = 0;
		};
/* End PBXSourcesBuildPhase section */

/* Begin PBXTargetDependency section */
		945329872BEC130D0064E2E8 /* PBXTargetDependency */ = {
			isa = PBXTargetDependency;
			target = 945329742BEC130D0064E2E8 /* BookRecommendations */;
			targetProxy = 945329862BEC130D0064E2E8 /* PBXContainerItemProxy */;
		};
		945329912BEC130D0064E2E8 /* PBXTargetDependency */ = {
			isa = PBXTargetDependency;
			target = 945329742BEC130D0064E2E8 /* BookRecommendations */;
			targetProxy = 945329902BEC130D0064E2E8 /* PBXContainerItemProxy */;
		};
		94532A2A2BEC1B3C0064E2E8 /* PBXTargetDependency */ = {
			isa = PBXTargetDependency;
			target = 94532A1A2BEC1B3B0064E2E8 /* BookReccomendationsWidgetExtension */;
			targetProxy = 94532A292BEC1B3C0064E2E8 /* PBXContainerItemProxy */;
		};
/* End PBXTargetDependency section */

/* Begin XCBuildConfiguration section */
		945329972BEC130D0064E2E8 /* Debug */ = {
			isa = XCBuildConfiguration;
			buildSettings = {
				ALWAYS_SEARCH_USER_PATHS = NO;
				ASSETCATALOG_COMPILER_GENERATE_SWIFT_ASSET_SYMBOL_EXTENSIONS = YES;
				CLANG_ANALYZER_NONNULL = YES;
				CLANG_ANALYZER_NUMBER_OBJECT_CONVERSION = YES_AGGRESSIVE;
				CLANG_CXX_LANGUAGE_STANDARD = "gnu++20";
				CLANG_ENABLE_MODULES = YES;
				CLANG_ENABLE_OBJC_ARC = YES;
				CLANG_ENABLE_OBJC_WEAK = YES;
				CLANG_WARN_BLOCK_CAPTURE_AUTORELEASING = YES;
				CLANG_WARN_BOOL_CONVERSION = YES;
				CLANG_WARN_COMMA = YES;
				CLANG_WARN_CONSTANT_CONVERSION = YES;
				CLANG_WARN_DEPRECATED_OBJC_IMPLEMENTATIONS = YES;
				CLANG_WARN_DIRECT_OBJC_ISA_USAGE = YES_ERROR;
				CLANG_WARN_DOCUMENTATION_COMMENTS = YES;
				CLANG_WARN_EMPTY_BODY = YES;
				CLANG_WARN_ENUM_CONVERSION = YES;
				CLANG_WARN_INFINITE_RECURSION = YES;
				CLANG_WARN_INT_CONVERSION = YES;
				CLANG_WARN_NON_LITERAL_NULL_CONVERSION = YES;
				CLANG_WARN_OBJC_IMPLICIT_RETAIN_SELF = YES;
				CLANG_WARN_OBJC_LITERAL_CONVERSION = YES;
				CLANG_WARN_OBJC_ROOT_CLASS = YES_ERROR;
				CLANG_WARN_QUOTED_INCLUDE_IN_FRAMEWORK_HEADER = YES;
				CLANG_WARN_RANGE_LOOP_ANALYSIS = YES;
				CLANG_WARN_STRICT_PROTOTYPES = YES;
				CLANG_WARN_SUSPICIOUS_MOVE = YES;
				CLANG_WARN_UNGUARDED_AVAILABILITY = YES_AGGRESSIVE;
				CLANG_WARN_UNREACHABLE_CODE = YES;
				CLANG_WARN__DUPLICATE_METHOD_MATCH = YES;
				COPY_PHASE_STRIP = NO;
				DEBUG_INFORMATION_FORMAT = dwarf;
				ENABLE_STRICT_OBJC_MSGSEND = YES;
				ENABLE_TESTABILITY = YES;
				ENABLE_USER_SCRIPT_SANDBOXING = YES;
				GCC_C_LANGUAGE_STANDARD = gnu17;
				GCC_DYNAMIC_NO_PIC = NO;
				GCC_NO_COMMON_BLOCKS = YES;
				GCC_OPTIMIZATION_LEVEL = 0;
				GCC_PREPROCESSOR_DEFINITIONS = (
					"DEBUG=1",
					"$(inherited)",
				);
				GCC_WARN_64_TO_32_BIT_CONVERSION = YES;
				GCC_WARN_ABOUT_RETURN_TYPE = YES_ERROR;
				GCC_WARN_UNDECLARED_SELECTOR = YES;
				GCC_WARN_UNINITIALIZED_AUTOS = YES_AGGRESSIVE;
				GCC_WARN_UNUSED_FUNCTION = YES;
				GCC_WARN_UNUSED_VARIABLE = YES;
				IPHONEOS_DEPLOYMENT_TARGET = 17.4;
				LOCALIZATION_PREFERS_STRING_CATALOGS = YES;
				MTL_ENABLE_DEBUG_INFO = INCLUDE_SOURCE;
				MTL_FAST_MATH = YES;
				ONLY_ACTIVE_ARCH = YES;
				SDKROOT = iphoneos;
				SWIFT_ACTIVE_COMPILATION_CONDITIONS = "DEBUG $(inherited)";
				SWIFT_OPTIMIZATION_LEVEL = "-Onone";
			};
			name = Debug;
		};
		945329982BEC130D0064E2E8 /* Release */ = {
			isa = XCBuildConfiguration;
			buildSettings = {
				ALWAYS_SEARCH_USER_PATHS = NO;
				ASSETCATALOG_COMPILER_GENERATE_SWIFT_ASSET_SYMBOL_EXTENSIONS = YES;
				CLANG_ANALYZER_NONNULL = YES;
				CLANG_ANALYZER_NUMBER_OBJECT_CONVERSION = YES_AGGRESSIVE;
				CLANG_CXX_LANGUAGE_STANDARD = "gnu++20";
				CLANG_ENABLE_MODULES = YES;
				CLANG_ENABLE_OBJC_ARC = YES;
				CLANG_ENABLE_OBJC_WEAK = YES;
				CLANG_WARN_BLOCK_CAPTURE_AUTORELEASING = YES;
				CLANG_WARN_BOOL_CONVERSION = YES;
				CLANG_WARN_COMMA = YES;
				CLANG_WARN_CONSTANT_CONVERSION = YES;
				CLANG_WARN_DEPRECATED_OBJC_IMPLEMENTATIONS = YES;
				CLANG_WARN_DIRECT_OBJC_ISA_USAGE = YES_ERROR;
				CLANG_WARN_DOCUMENTATION_COMMENTS = YES;
				CLANG_WARN_EMPTY_BODY = YES;
				CLANG_WARN_ENUM_CONVERSION = YES;
				CLANG_WARN_INFINITE_RECURSION = YES;
				CLANG_WARN_INT_CONVERSION = YES;
				CLANG_WARN_NON_LITERAL_NULL_CONVERSION = YES;
				CLANG_WARN_OBJC_IMPLICIT_RETAIN_SELF = YES;
				CLANG_WARN_OBJC_LITERAL_CONVERSION = YES;
				CLANG_WARN_OBJC_ROOT_CLASS = YES_ERROR;
				CLANG_WARN_QUOTED_INCLUDE_IN_FRAMEWORK_HEADER = YES;
				CLANG_WARN_RANGE_LOOP_ANALYSIS = YES;
				CLANG_WARN_STRICT_PROTOTYPES = YES;
				CLANG_WARN_SUSPICIOUS_MOVE = YES;
				CLANG_WARN_UNGUARDED_AVAILABILITY = YES_AGGRESSIVE;
				CLANG_WARN_UNREACHABLE_CODE = YES;
				CLANG_WARN__DUPLICATE_METHOD_MATCH = YES;
				COPY_PHASE_STRIP = NO;
				DEBUG_INFORMATION_FORMAT = "dwarf-with-dsym";
				ENABLE_NS_ASSERTIONS = NO;
				ENABLE_STRICT_OBJC_MSGSEND = YES;
				ENABLE_USER_SCRIPT_SANDBOXING = YES;
				GCC_C_LANGUAGE_STANDARD = gnu17;
				GCC_NO_COMMON_BLOCKS = YES;
				GCC_WARN_64_TO_32_BIT_CONVERSION = YES;
				GCC_WARN_ABOUT_RETURN_TYPE = YES_ERROR;
				GCC_WARN_UNDECLARED_SELECTOR = YES;
				GCC_WARN_UNINITIALIZED_AUTOS = YES_AGGRESSIVE;
				GCC_WARN_UNUSED_FUNCTION = YES;
				GCC_WARN_UNUSED_VARIABLE = YES;
				IPHONEOS_DEPLOYMENT_TARGET = 17.4;
				LOCALIZATION_PREFERS_STRING_CATALOGS = YES;
				MTL_ENABLE_DEBUG_INFO = NO;
				MTL_FAST_MATH = YES;
				SDKROOT = iphoneos;
				SWIFT_COMPILATION_MODE = wholemodule;
				VALIDATE_PRODUCT = YES;
			};
			name = Release;
		};
		9453299A2BEC130D0064E2E8 /* Debug */ = {
			isa = XCBuildConfiguration;
			buildSettings = {
				ALWAYS_EMBED_SWIFT_STANDARD_LIBRARIES = YES;
				ASSETCATALOG_COMPILER_APPICON_NAME = AppIcon;
				ASSETCATALOG_COMPILER_GLOBAL_ACCENT_COLOR_NAME = AccentColor;
				CODE_SIGN_STYLE = Automatic;
				CURRENT_PROJECT_VERSION = 1;
				DEVELOPMENT_ASSET_PATHS = "\"BookRecommendations/Preview Content\"";
				ENABLE_PREVIEWS = YES;
				GENERATE_INFOPLIST_FILE = YES;
				INFOPLIST_KEY_UIApplicationSceneManifest_Generation = YES;
				INFOPLIST_KEY_UIApplicationSupportsIndirectInputEvents = YES;
				INFOPLIST_KEY_UILaunchScreen_Generation = YES;
				INFOPLIST_KEY_UISupportedInterfaceOrientations_iPad = "UIInterfaceOrientationPortrait UIInterfaceOrientationPortraitUpsideDown UIInterfaceOrientationLandscapeLeft UIInterfaceOrientationLandscapeRight";
				INFOPLIST_KEY_UISupportedInterfaceOrientations_iPhone = "UIInterfaceOrientationPortrait UIInterfaceOrientationLandscapeLeft UIInterfaceOrientationLandscapeRight";
				LD_RUNPATH_SEARCH_PATHS = (
					"$(inherited)",
					"@executable_path/Frameworks",
				);
				MARKETING_VERSION = 1.0;
				PRODUCT_BUNDLE_IDENTIFIER = com.watertower.BookRecommendations;
				PRODUCT_NAME = "$(TARGET_NAME)";
				SWIFT_EMIT_LOC_STRINGS = YES;
				SWIFT_VERSION = 5.0;
				TARGETED_DEVICE_FAMILY = "1,2";
			};
			name = Debug;
		};
		9453299B2BEC130D0064E2E8 /* Release */ = {
			isa = XCBuildConfiguration;
			buildSettings = {
				ALWAYS_EMBED_SWIFT_STANDARD_LIBRARIES = YES;
				ASSETCATALOG_COMPILER_APPICON_NAME = AppIcon;
				ASSETCATALOG_COMPILER_GLOBAL_ACCENT_COLOR_NAME = AccentColor;
				CODE_SIGN_STYLE = Automatic;
				CURRENT_PROJECT_VERSION = 1;
				DEVELOPMENT_ASSET_PATHS = "\"BookRecommendations/Preview Content\"";
				ENABLE_PREVIEWS = YES;
				GENERATE_INFOPLIST_FILE = YES;
				INFOPLIST_KEY_UIApplicationSceneManifest_Generation = YES;
				INFOPLIST_KEY_UIApplicationSupportsIndirectInputEvents = YES;
				INFOPLIST_KEY_UILaunchScreen_Generation = YES;
				INFOPLIST_KEY_UISupportedInterfaceOrientations_iPad = "UIInterfaceOrientationPortrait UIInterfaceOrientationPortraitUpsideDown UIInterfaceOrientationLandscapeLeft UIInterfaceOrientationLandscapeRight";
				INFOPLIST_KEY_UISupportedInterfaceOrientations_iPhone = "UIInterfaceOrientationPortrait UIInterfaceOrientationLandscapeLeft UIInterfaceOrientationLandscapeRight";
				LD_RUNPATH_SEARCH_PATHS = (
					"$(inherited)",
					"@executable_path/Frameworks",
				);
				MARKETING_VERSION = 1.0;
				PRODUCT_BUNDLE_IDENTIFIER = com.watertower.BookRecommendations;
				PRODUCT_NAME = "$(TARGET_NAME)";
				SWIFT_EMIT_LOC_STRINGS = YES;
				SWIFT_VERSION = 5.0;
				TARGETED_DEVICE_FAMILY = "1,2";
			};
			name = Release;
		};
		9453299D2BEC130D0064E2E8 /* Debug */ = {
			isa = XCBuildConfiguration;
			buildSettings = {
				ALWAYS_EMBED_SWIFT_STANDARD_LIBRARIES = YES;
				BUNDLE_LOADER = "$(TEST_HOST)";
				CODE_SIGN_STYLE = Automatic;
				CURRENT_PROJECT_VERSION = 1;
				GENERATE_INFOPLIST_FILE = YES;
				IPHONEOS_DEPLOYMENT_TARGET = 17.4;
				MARKETING_VERSION = 1.0;
				PRODUCT_BUNDLE_IDENTIFIER = com.watertower.BookRecommendationsTests;
				PRODUCT_NAME = "$(TARGET_NAME)";
				SWIFT_EMIT_LOC_STRINGS = NO;
				SWIFT_VERSION = 5.0;
				TARGETED_DEVICE_FAMILY = "1,2";
				TEST_HOST = "$(BUILT_PRODUCTS_DIR)/BookRecommendations.app/$(BUNDLE_EXECUTABLE_FOLDER_PATH)/BookRecommendations";
			};
			name = Debug;
		};
		9453299E2BEC130D0064E2E8 /* Release */ = {
			isa = XCBuildConfiguration;
			buildSettings = {
				ALWAYS_EMBED_SWIFT_STANDARD_LIBRARIES = YES;
				BUNDLE_LOADER = "$(TEST_HOST)";
				CODE_SIGN_STYLE = Automatic;
				CURRENT_PROJECT_VERSION = 1;
				GENERATE_INFOPLIST_FILE = YES;
				IPHONEOS_DEPLOYMENT_TARGET = 17.4;
				MARKETING_VERSION = 1.0;
				PRODUCT_BUNDLE_IDENTIFIER = com.watertower.BookRecommendationsTests;
				PRODUCT_NAME = "$(TARGET_NAME)";
				SWIFT_EMIT_LOC_STRINGS = NO;
				SWIFT_VERSION = 5.0;
				TARGETED_DEVICE_FAMILY = "1,2";
				TEST_HOST = "$(BUILT_PRODUCTS_DIR)/BookRecommendations.app/$(BUNDLE_EXECUTABLE_FOLDER_PATH)/BookRecommendations";
			};
			name = Release;
		};
		945329A02BEC130D0064E2E8 /* Debug */ = {
			isa = XCBuildConfiguration;
			buildSettings = {
				ALWAYS_EMBED_SWIFT_STANDARD_LIBRARIES = YES;
				CODE_SIGN_STYLE = Automatic;
				CURRENT_PROJECT_VERSION = 1;
				GENERATE_INFOPLIST_FILE = YES;
				MARKETING_VERSION = 1.0;
				PRODUCT_BUNDLE_IDENTIFIER = com.watertower.BookRecommendationsUITests;
				PRODUCT_NAME = "$(TARGET_NAME)";
				SWIFT_EMIT_LOC_STRINGS = NO;
				SWIFT_VERSION = 5.0;
				TARGETED_DEVICE_FAMILY = "1,2";
				TEST_TARGET_NAME = BookRecommendations;
			};
			name = Debug;
		};
		945329A12BEC130D0064E2E8 /* Release */ = {
			isa = XCBuildConfiguration;
			buildSettings = {
				ALWAYS_EMBED_SWIFT_STANDARD_LIBRARIES = YES;
				CODE_SIGN_STYLE = Automatic;
				CURRENT_PROJECT_VERSION = 1;
				GENERATE_INFOPLIST_FILE = YES;
				MARKETING_VERSION = 1.0;
				PRODUCT_BUNDLE_IDENTIFIER = com.watertower.BookRecommendationsUITests;
				PRODUCT_NAME = "$(TARGET_NAME)";
				SWIFT_EMIT_LOC_STRINGS = NO;
				SWIFT_VERSION = 5.0;
				TARGETED_DEVICE_FAMILY = "1,2";
				TEST_TARGET_NAME = BookRecommendations;
			};
			name = Release;
		};
		94532A2D2BEC1B3C0064E2E8 /* Debug */ = {
			isa = XCBuildConfiguration;
			buildSettings = {
				ASSETCATALOG_COMPILER_GLOBAL_ACCENT_COLOR_NAME = AccentColor;
				ASSETCATALOG_COMPILER_WIDGET_BACKGROUND_COLOR_NAME = WidgetBackground;
				CODE_SIGN_STYLE = Automatic;
				CURRENT_PROJECT_VERSION = 1;
				GENERATE_INFOPLIST_FILE = YES;
				INFOPLIST_FILE = BookReccomendationsWidget/Info.plist;
				INFOPLIST_KEY_CFBundleDisplayName = BookReccomendationsWidget;
				INFOPLIST_KEY_NSHumanReadableCopyright = "";
				LD_RUNPATH_SEARCH_PATHS = (
					"$(inherited)",
					"@executable_path/Frameworks",
					"@executable_path/../../Frameworks",
				);
				MARKETING_VERSION = 1.0;
				PRODUCT_BUNDLE_IDENTIFIER = com.watertower.BookRecommendations.BookReccomendationsWidget;
				PRODUCT_NAME = "$(TARGET_NAME)";
				SKIP_INSTALL = YES;
				SWIFT_EMIT_LOC_STRINGS = YES;
				SWIFT_VERSION = 5.0;
				TARGETED_DEVICE_FAMILY = "1,2";
			};
			name = Debug;
		};
		94532A2E2BEC1B3C0064E2E8 /* Release */ = {
			isa = XCBuildConfiguration;
			buildSettings = {
				ASSETCATALOG_COMPILER_GLOBAL_ACCENT_COLOR_NAME = AccentColor;
				ASSETCATALOG_COMPILER_WIDGET_BACKGROUND_COLOR_NAME = WidgetBackground;
				CODE_SIGN_STYLE = Automatic;
				CURRENT_PROJECT_VERSION = 1;
				GENERATE_INFOPLIST_FILE = YES;
				INFOPLIST_FILE = BookReccomendationsWidget/Info.plist;
				INFOPLIST_KEY_CFBundleDisplayName = BookReccomendationsWidget;
				INFOPLIST_KEY_NSHumanReadableCopyright = "";
				LD_RUNPATH_SEARCH_PATHS = (
					"$(inherited)",
					"@executable_path/Frameworks",
					"@executable_path/../../Frameworks",
				);
				MARKETING_VERSION = 1.0;
				PRODUCT_BUNDLE_IDENTIFIER = com.watertower.BookRecommendations.BookReccomendationsWidget;
				PRODUCT_NAME = "$(TARGET_NAME)";
				SKIP_INSTALL = YES;
				SWIFT_EMIT_LOC_STRINGS = YES;
				SWIFT_VERSION = 5.0;
				TARGETED_DEVICE_FAMILY = "1,2";
			};
			name = Release;
		};
/* End XCBuildConfiguration section */

/* Begin XCConfigurationList section */
		945329702BEC130D0064E2E8 /* Build configuration list for PBXProject "BookRecommendations" */ = {
			isa = XCConfigurationList;
			buildConfigurations = (
				945329972BEC130D0064E2E8 /* Debug */,
				945329982BEC130D0064E2E8 /* Release */,
			);
			defaultConfigurationIsVisible = 0;
			defaultConfigurationName = Release;
		};
		945329992BEC130D0064E2E8 /* Build configuration list for PBXNativeTarget "BookRecommendations" */ = {
			isa = XCConfigurationList;
			buildConfigurations = (
				9453299A2BEC130D0064E2E8 /* Debug */,
				9453299B2BEC130D0064E2E8 /* Release */,
			);
			defaultConfigurationIsVisible = 0;
			defaultConfigurationName = Release;
		};
		9453299C2BEC130D0064E2E8 /* Build configuration list for PBXNativeTarget "BookRecommendationsTests" */ = {
			isa = XCConfigurationList;
			buildConfigurations = (
				9453299D2BEC130D0064E2E8 /* Debug */,
				9453299E2BEC130D0064E2E8 /* Release */,
			);
			defaultConfigurationIsVisible = 0;
			defaultConfigurationName = Release;
		};
		9453299F2BEC130D0064E2E8 /* Build configuration list for PBXNativeTarget "BookRecommendationsUITests" */ = {
			isa = XCConfigurationList;
			buildConfigurations = (
				945329A02BEC130D0064E2E8 /* Debug */,
				945329A12BEC130D0064E2E8 /* Release */,
			);
			defaultConfigurationIsVisible = 0;
			defaultConfigurationName = Release;
		};
		94532A2F2BEC1B3C0064E2E8 /* Build configuration list for PBXNativeTarget "BookReccomendationsWidgetExtension" */ = {
			isa = XCConfigurationList;
			buildConfigurations = (
				94532A2D2BEC1B3C0064E2E8 /* Debug */,
				94532A2E2BEC1B3C0064E2E8 /* Release */,
			);
			defaultConfigurationIsVisible = 0;
			defaultConfigurationName = Release;
		};
/* End XCConfigurationList section */
	};
	rootObject = 9453296D2BEC130D0064E2E8 /* Project object */;
}
